
Microsoft Visual Studio Solution File, Format Version 12.00
# Visual Studio Version 17
VisualStudioVersion = 17.0.31912.275
MinimumVisualStudioVersion = 10.0.40219.1
Project("{FAE04EC0-301F-11D3-BF4B-00C04F79EFBC}") = "HomeWork7", "HomeWork7.csproj", "{C3811590-D5D4-4FB4-AA03-58F507833A12}"
EndProject
Global
	GlobalSection(SolutionConfigurationPlatforms) = preSolution
		Debug|Any CPU = Debug|Any CPU
		Release|Any CPU = Release|Any CPU
	EndGlobalSection
	GlobalSection(ProjectConfigurationPlatforms) = postSolution
		{C3811590-D5D4-4FB4-AA03-58F507833A12}.Debug|Any CPU.ActiveCfg = Debug|Any CPU
		{C3811590-D5D4-4FB4-AA03-58F507833A12}.Debug|Any CPU.Build.0 = Debug|Any CPU
		{C3811590-D5D4-4FB4-AA03-58F507833A12}.Release|Any CPU.ActiveCfg = Release|Any CPU
		{C3811590-D5D4-4FB4-AA03-58F507833A12}.Release|Any CPU.Build.0 = Release|Any CPU
	EndGlobalSection
	GlobalSection(SolutionProperties) = preSolution
		HideSolutionNode = FALSE
	EndGlobalSection
	GlobalSection(ExtensibilityGlobals) = postSolution
		SolutionGuid = {0DD6BB57-AC98-4455-9141-64AF83C69794}
	EndGlobalSection
EndGlobal
